
Microsoft Visual Studio Solution File, Format Version 12.00
# Visual Studio 15
VisualStudioVersion = 15.0.28307.757
MinimumVisualStudioVersion = 10.0.40219.1
Project("{8BC9CEB8-8B4A-11D0-8D11-00A0C91BC942}") = "AggregationInnerComponentWithRegFile", "AggregationInnerComponentWithRegFile.vcxproj", "{BD9D3C9C-F0CF-46DC-90F2-C37604044043}"
EndProject
Global
	GlobalSection(SolutionConfigurationPlatforms) = preSolution
		Debug|x64 = Debug|x64
		Debug|x86 = Debug|x86
		Release|x64 = Release|x64
		Release|x86 = Release|x86
	EndGlobalSection
	GlobalSection(ProjectConfigurationPlatforms) = postSolution
		{BD9D3C9C-F0CF-46DC-90F2-C37604044043}.Debug|x64.ActiveCfg = Debug|x64
		{BD9D3C9C-F0CF-46DC-90F2-C37604044043}.Debug|x64.Build.0 = Debug|x64
		{BD9D3C9C-F0CF-46DC-90F2-C37604044043}.Debug|x86.ActiveCfg = Debug|Win32
		{BD9D3C9C-F0CF-46DC-90F2-C37604044043}.Debug|x86.Build.0 = Debug|Win32
		{BD9D3C9C-F0CF-46DC-90F2-C37604044043}.Release|x64.ActiveCfg = Release|x64
		{BD9D3C9C-F0CF-46DC-90F2-C37604044043}.Release|x64.Build.0 = Release|x64
		{BD9D3C9C-F0CF-46DC-90F2-C37604044043}.Release|x86.ActiveCfg = Release|Win32
		{BD9D3C9C-F0CF-46DC-90F2-C37604044043}.Release|x86.Build.0 = Release|Win32
	EndGlobalSection
	GlobalSection(SolutionProperties) = preSolution
		HideSolutionNode = FALSE
	EndGlobalSection
	GlobalSection(ExtensibilityGlobals) = postSolution
		SolutionGuid = {67395472-BE83-42B8-B5FE-C96CDD43FF00}
	EndGlobalSection
EndGlobal
